
Microsoft Visual Studio Solution File, Format Version 12.00
# Visual Studio Version 17
VisualStudioVersion = 17.5.002.0
MinimumVisualStudioVersion = 10.0.40219.1
Project("{9A19103F-16F7-4668-BE54-9A1E7A4F7556}") = "DesafioProjetoHospedagem", "DesafioProjetoHospedagem.csproj", "{B71E9664-9E27-4D8B-BA36-EB66802A128B}"
EndProject
Global
	GlobalSection(SolutionConfigurationPlatforms) = preSolution
		Debug|Any CPU = Debug|Any CPU
		Release|Any CPU = Release|Any CPU
	EndGlobalSection
	GlobalSection(ProjectConfigurationPlatforms) = postSolution
		{B71E9664-9E27-4D8B-BA36-EB66802A128B}.Debug|Any CPU.ActiveCfg = Debug|Any CPU
		{B71E9664-9E27-4D8B-BA36-EB66802A128B}.Debug|Any CPU.Build.0 = Debug|Any CPU
		{B71E9664-9E27-4D8B-BA36-EB66802A128B}.Release|Any CPU.ActiveCfg = Release|Any CPU
		{B71E9664-9E27-4D8B-BA36-EB66802A128B}.Release|Any CPU.Build.0 = Release|Any CPU
	EndGlobalSection
	GlobalSection(SolutionProperties) = preSolution
		HideSolutionNode = FALSE
	EndGlobalSection
	GlobalSection(ExtensibilityGlobals) = postSolution
		SolutionGuid = {CCA303D7-2BFD-42F3-9B2F-2A62F718A7B5}
	EndGlobalSection
EndGlobal
